{
  "object": {
    "pins": [
      {
        "package": "Amplitude-iOS",
        "repositoryURL": "https://github.com/amplitude/Amplitude-iOS",
        "state": {
          "branch": null,
          "revision": "68eea8100a84d26c3d81997851965ec3efbe61fc",
          "version": "8.3.0"
        }
      },
      {
        "package": "analytics-ios",
        "repositoryURL": "https://github.com/segmentio/analytics-ios",
        "state": {
          "branch": null,
          "revision": "187faa897c826fe0954124da116db3318242f7c3",
          "version": "4.1.4"
        }
      }
    ]
  },
  "version": 1
}
